<?xml version="1.0" encoding="UTF-8" standalone="yes" ?>
<CodeBlocks_project_file>
	<FileVersion major="1" minor="6" />
	<Project>
		<Option title="Eureka" />
		<Option compiler="gcc" />
		<Build>
			<Target title="Release">
				<Option output="bin/Release/Eureka" prefix_auto="1" extension_auto="1" />
				<Option external_deps="C:/Users/Kiseitai2/Documents/Dev-Cpp Projects/Engine_Eureka/bin/SDL.dll;C:/Users/Kiseitai2/Documents/Dev-Cpp Projects/Engine_Eureka/bin/SDL_mixer.dll;" />
				<Option type="1" />
				<Option compiler="gcc" />
				<Compiler>
					<Add option="-O3" />
					<Add option="-std=c++11" />
				</Compiler>
				<Linker>
					<Add option="-s" />
				</Linker>
			</Target>
			<Target title="staticlib_all">
				<Option output="bin/libs/Eureka" prefix_auto="1" extension_auto="1" />
				<Option working_dir="" />
				<Option type="2" />
				<Option compiler="gcc" />
				<Option createDefFile="1" />
				<Compiler>
					<Add option="-Wall" />
					<Add option="-g" />
				</Compiler>
			</Target>
			<Target title="Debug">
				<Option output="bin/Eureka" prefix_auto="1" extension_auto="1" />
				<Option type="1" />
				<Option compiler="gcc" />
				<Compiler>
					<Add option="-g" />
				</Compiler>
			</Target>
			<Target title="c++11_test">
				<Option output="bin/tests/c++11_test" prefix_auto="1" extension_auto="1" />
				<Option type="1" />
				<Option compiler="gcc" />
				<Compiler>
					<Add option="-g" />
				</Compiler>
			</Target>
			<Target title="MySQL_test">
				<Option output="bin/test/mysql_test" prefix_auto="1" extension_auto="1" />
				<Option type="1" />
				<Option compiler="gcc" />
			</Target>
			<Target title="IO">
				<Option output="bin/engine/IO" imp_lib="$(TARGET_OUTPUT_DIR)$(TARGET_OUTPUT_BASENAME).a" def_file="$(TARGET_OUTPUT_DIR)$(TARGET_OUTPUT_BASENAME).def" prefix_auto="1" extension_auto="1" />
				<Option type="3" />
				<Option compiler="gcc" />
				<Option createDefFile="1" />
				<Option createStaticLib="1" />
				<Linker>
					<Add library="Core" />
					<Add library="threading" />
				</Linker>
			</Target>
			<Target title="Threading">
				<Option output="bin/engine/threading" imp_lib="$(TARGET_OUTPUT_DIR)$(TARGET_OUTPUT_BASENAME).a" def_file="$(TARGET_OUTPUT_DIR)$(TARGET_OUTPUT_BASENAME).def" prefix_auto="1" extension_auto="1" />
				<Option type="3" />
				<Option compiler="gcc" />
				<Option createDefFile="1" />
				<Option createStaticLib="1" />
			</Target>
			<Target title="Unit">
				<Option output="bin/engine/Unit" imp_lib="$(TARGET_OUTPUT_DIR)$(TARGET_OUTPUT_BASENAME).a" def_file="$(TARGET_OUTPUT_DIR)$(TARGET_OUTPUT_BASENAME).def" prefix_auto="1" extension_auto="1" />
				<Option type="3" />
				<Option compiler="gcc" />
				<Option createDefFile="1" />
				<Option createStaticLib="1" />
				<Linker>
					<Add library="Core" />
					<Add library="threading" />
					<Add library="Flags" />
				</Linker>
			</Target>
			<Target title="Core">
				<Option output="bin/engine/Core" imp_lib="$(TARGET_OUTPUT_DIR)$(TARGET_OUTPUT_BASENAME).a" def_file="$(TARGET_OUTPUT_DIR)$(TARGET_OUTPUT_BASENAME).def" prefix_auto="1" extension_auto="1" />
				<Option type="3" />
				<Option compiler="gcc" />
				<Option createDefFile="1" />
				<Option createStaticLib="1" />
				<Linker>
					<Add library="Flags" />
					<Add library="Timer" />
					<Add library="lua_wrap" />
				</Linker>
			</Target>
			<Target title="UI">
				<Option output="bin/engine/UI" imp_lib="$(TARGET_OUTPUT_DIR)$(TARGET_OUTPUT_BASENAME).a" def_file="$(TARGET_OUTPUT_DIR)$(TARGET_OUTPUT_BASENAME).def" prefix_auto="1" extension_auto="1" />
				<Option type="3" />
				<Option compiler="gcc" />
				<Option createDefFile="1" />
				<Option createStaticLib="1" />
				<Linker>
					<Add library="Core" />
					<Add library="threading" />
					<Add library="Flags" />
				</Linker>
			</Target>
			<Target title="Plugins">
				<Option output="bin/engine/plugins" imp_lib="$(TARGET_OUTPUT_DIR)$(TARGET_OUTPUT_BASENAME).a" def_file="$(TARGET_OUTPUT_DIR)$(TARGET_OUTPUT_BASENAME).def" prefix_auto="1" extension_auto="1" />
				<Option type="3" />
				<Option compiler="gcc" />
				<Option createDefFile="1" />
				<Option createStaticLib="1" />
				<Linker>
					<Add library="Core" />
					<Add library="threading" />
				</Linker>
			</Target>
			<Target title="Network">
				<Option output="bin/engine/network" imp_lib="$(TARGET_OUTPUT_DIR)$(TARGET_OUTPUT_BASENAME).a" def_file="$(TARGET_OUTPUT_DIR)$(TARGET_OUTPUT_BASENAME).def" prefix_auto="1" extension_auto="1" />
				<Option type="3" />
				<Option compiler="gcc" />
				<Option createDefFile="1" />
				<Option createStaticLib="1" />
				<Linker>
					<Add library="threading" />
				</Linker>
			</Target>
			<Target title="Eureka">
				<Option output="bin/engine/Eureka" imp_lib="$(TARGET_OUTPUT_DIR)$(TARGET_OUTPUT_BASENAME).a" def_file="$(TARGET_OUTPUT_DIR)$(TARGET_OUTPUT_BASENAME).def" prefix_auto="1" extension_auto="1" />
				<Option type="3" />
				<Option compiler="gcc" />
				<Option createDefFile="1" />
				<Option createStaticLib="1" />
				<Linker>
					<Add library="Core" />
					<Add library="plugins" />
					<Add library="UI" />
					<Add library="IO" />
					<Add library="threading" />
					<Add library="network" />
					<Add library="Timer" />
					<Add library="Flags" />
					<Add library="Unit" />
				</Linker>
			</Target>
			<Target title="Flags">
				<Option output="bin/engine/Flags" imp_lib="$(TARGET_OUTPUT_DIR)$(TARGET_OUTPUT_BASENAME).a" def_file="$(TARGET_OUTPUT_DIR)$(TARGET_OUTPUT_BASENAME).def" prefix_auto="1" extension_auto="1" />
				<Option type="3" />
				<Option compiler="gcc" />
				<Option createDefFile="1" />
				<Option createStaticLib="1" />
			</Target>
			<Target title="Timer">
				<Option output="bin/engine/Timer" imp_lib="$(TARGET_OUTPUT_DIR)$(TARGET_OUTPUT_BASENAME).a" def_file="$(TARGET_OUTPUT_DIR)$(TARGET_OUTPUT_BASENAME).def" prefix_auto="1" extension_auto="1" />
				<Option type="3" />
				<Option compiler="gcc" />
				<Option createDefFile="1" />
				<Option createStaticLib="1" />
				<Linker>
					<Add library="threading" />
				</Linker>
			</Target>
			<Target title="LuaWrap">
				<Option output="bin/engine/lua_wrap" imp_lib="$(TARGET_OUTPUT_DIR)$(TARGET_OUTPUT_BASENAME).a" def_file="$(TARGET_OUTPUT_DIR)$(TARGET_OUTPUT_BASENAME).def" prefix_auto="1" extension_auto="1" />
				<Option type="3" />
				<Option compiler="gcc" />
				<Option createDefFile="1" />
				<Option createStaticLib="1" />
			</Target>
		</Build>
		<Compiler>
			<Add option="-std=c++11" />
			<Add option="-g" />
			<Add directory="C:/Program Files/CodeBlocks/MinGW/include" />
			<Add directory="c:/Python27/include" />
			<Add directory="Dependencies/SDL2-2.0.0/include" />
			<Add directory="Dependencies/SDL_ttf-2.0.11/SDL_ttf-2.0.11/include" />
			<Add directory="Dependencies/SDL2_image-2.0.0/i686-w64-mingw32/include/SDL2" />
			<Add directory="Dependencies/SDL2_mixer-2.0.0/i686-w64-mingw32/include/SDL2" />
			<Add directory="Dependencies/lua-5.2.3/src" />
			<Add directory="Dependencies/sqlite3" />
			<Add directory="Dependencies/mysql-connector-c-6.1.5-win32/include" />
			<Add directory="Dependencies/mysql-connector-c++-noinstall-1.1.4-win32/include" />
			<Add directory="../../../../../MinGW/msys/1.0/local/include/boost" />
			<Add directory="../../../../../MinGW/msys/1.0/local/include" />
			<Add directory="Dependencies/SDL2_net-2.0.0/i686-w64-mingw32/include/SDL2" />
			<Add directory="../../../../../Program Files (x86)/CodeBlocks/MinGW/msys/1.0/local/include/boost" />
			<Add directory="../../../../../Program Files (x86)/CodeBlocks/MinGW/msys/1.0/local/include" />
		</Compiler>
		<Linker>
			<Add library="libmingw32" />
			<Add library="libSDL2main" />
			<Add library="libSDL2.dll" />
			<Add library="SDL2_mixer" />
			<Add library="libpython27" />
			<Add library="SDL_ttf" />
			<Add library="SDL2_image" />
			<Add library="lua" />
			<Add library="sqlite3" />
			<Add library="mysqlcppconn" />
			<Add library="SDL2_net" />
			<Add library="pthread" />
			<Add directory="C:/Program Files/CodeBlocks/MinGW/lib" />
			<Add directory="c:/Python27/libs" />
			<Add directory="Dependencies/SDL2-2.0.0/i686-w64-mingw32/lib" />
			<Add directory="Dependencies/SDL_ttf-2.0.11/SDL_ttf-2.0.11/lib/x86" />
			<Add directory="Dependencies/SDL2_mixer-2.0.0/i686-w64-mingw32/lib" />
			<Add directory="Dependencies/SDL2_image-2.0.0/i686-w64-mingw32/lib" />
			<Add directory="Dependencies/lua-5.2.3/src" />
			<Add directory="Dependencies/sqlite3/win32_lib" />
			<Add directory="Dependencies/mysql-connector-c-6.1.5-win32/lib" />
			<Add directory="Dependencies/mysql-connector-c++-noinstall-1.1.4-win32/lib" />
			<Add directory="../../../../../MinGW/msys/1.0/local/lib" />
			<Add directory="Dependencies/SDL2_net-2.0.0/i686-w64-mingw32/lib" />
			<Add directory="../../../../../Program Files (x86)/CodeBlocks/MinGW/msys/1.0/local/lib" />
			<Add directory="bin/engine" />
		</Linker>
		<Unit filename="BST.cc">
			<Option target="&lt;{~None~}&gt;" />
		</Unit>
		<Unit filename="BST.h">
			<Option target="Release" />
			<Option target="staticlib_all" />
			<Option target="Debug" />
			<Option target="Core" />
		</Unit>
		<Unit filename="Eureka_lua.cxx">
			<Option target="Release" />
			<Option target="Debug" />
		</Unit>
		<Unit filename="Eureka_wrap.cxx">
			<Option target="Release" />
			<Option target="Debug" />
		</Unit>
		<Unit filename="Timer.cpp">
			<Option target="Release" />
			<Option target="staticlib_all" />
			<Option target="Debug" />
			<Option target="Core" />
			<Option target="Timer" />
		</Unit>
		<Unit filename="Timer.h">
			<Option target="Release" />
			<Option target="Debug" />
			<Option target="Core" />
			<Option target="Timer" />
		</Unit>
		<Unit filename="Unit_tests/c++11_test.cpp">
			<Option target="c++11_test" />
		</Unit>
		<Unit filename="Unit_tests/mysql_test.cpp">
			<Option target="MySQL_test" />
		</Unit>
		<Unit filename="button.cpp">
			<Option target="Release" />
			<Option target="staticlib_all" />
			<Option target="Debug" />
			<Option target="Core" />
		</Unit>
		<Unit filename="button.h">
			<Option target="Release" />
			<Option target="Debug" />
			<Option target="Core" />
		</Unit>
		<Unit filename="config.h">
			<Option target="Release" />
			<Option target="staticlib_all" />
			<Option target="Debug" />
		</Unit>
		<Unit filename="conversion.cpp">
			<Option target="Release" />
			<Option target="staticlib_all" />
			<Option target="Debug" />
			<Option target="Core" />
			<Option target="Threading" />
		</Unit>
		<Unit filename="conversion.h">
			<Option target="Release" />
			<Option target="Debug" />
			<Option target="Core" />
			<Option target="Threading" />
		</Unit>
		<Unit filename="core.cpp">
			<Option target="Flags" />
		</Unit>
		<Unit filename="data_base.cpp">
			<Option target="Release" />
			<Option target="staticlib_all" />
			<Option target="Debug" />
			<Option target="Core" />
		</Unit>
		<Unit filename="data_base.h">
			<Option target="Release" />
			<Option target="Debug" />
			<Option target="Core" />
		</Unit>
		<Unit filename="database.cpp">
			<Option target="Release" />
			<Option target="staticlib_all" />
			<Option target="Debug" />
			<Option target="Core" />
		</Unit>
		<Unit filename="database.h">
			<Option target="Release" />
			<Option target="staticlib_all" />
			<Option target="Debug" />
			<Option target="Core" />
		</Unit>
		<Unit filename="draw_base.cpp">
			<Option target="Release" />
			<Option target="staticlib_all" />
			<Option target="Debug" />
			<Option target="Core" />
		</Unit>
		<Unit filename="draw_base.h">
			<Option target="Release" />
			<Option target="Debug" />
			<Option target="Core" />
		</Unit>
		<Unit filename="eureka.h">
			<Option target="staticlib_all" />
			<Option target="Debug" />
			<Option target="c++11_test" />
			<Option target="MySQL_test" />
			<Option target="IO" />
		</Unit>
		<Unit filename="game.cpp">
			<Option target="Release" />
			<Option target="Debug" />
			<Option target="Eureka" />
		</Unit>
		<Unit filename="game.h">
			<Option target="Release" />
			<Option target="Debug" />
			<Option target="Eureka" />
			<Option target="Flags" />
			<Option target="Timer" />
		</Unit>
		<Unit filename="globals.h">
			<Option target="Release" />
			<Option target="Debug" />
		</Unit>
		<Unit filename="info.cpp">
			<Option target="Release" />
			<Option target="staticlib_all" />
			<Option target="Debug" />
			<Option target="Core" />
		</Unit>
		<Unit filename="info.h">
			<Option target="Release" />
			<Option target="staticlib_all" />
			<Option target="Debug" />
			<Option target="Core" />
		</Unit>
		<Unit filename="input.cpp">
			<Option target="Release" />
			<Option target="staticlib_all" />
			<Option target="Debug" />
			<Option target="UI" />
		</Unit>
		<Unit filename="input.h">
			<Option target="Release" />
			<Option target="Debug" />
			<Option target="UI" />
		</Unit>
		<Unit filename="iomanager.cpp">
			<Option target="Release" />
			<Option target="staticlib_all" />
			<Option target="Debug" />
			<Option target="IO" />
		</Unit>
		<Unit filename="iomanager.h">
			<Option target="Release" />
			<Option target="staticlib_all" />
			<Option target="Debug" />
			<Option target="IO" />
		</Unit>
		<Unit filename="layersystem.cpp">
			<Option target="Eureka" />
		</Unit>
		<Unit filename="layersystem.h">
			<Option target="Eureka" />
		</Unit>
		<Unit filename="level.cpp">
			<Option target="Release" />
			<Option target="staticlib_all" />
			<Option target="Debug" />
			<Option target="Eureka" />
		</Unit>
		<Unit filename="level.h">
			<Option target="Release" />
			<Option target="Debug" />
			<Option target="Eureka" />
		</Unit>
		<Unit filename="luawrap.cpp">
			<Option target="Release" />
			<Option target="Debug" />
			<Option target="LuaWrap" />
		</Unit>
		<Unit filename="luawrap.h">
			<Option target="Release" />
			<Option target="Debug" />
			<Option target="LuaWrap" />
		</Unit>
		<Unit filename="main.cpp">
			<Option target="Release" />
			<Option target="Debug" />
		</Unit>
		<Unit filename="modadapter.cpp">
			<Option target="Release" />
			<Option target="Debug" />
			<Option target="Plugins" />
		</Unit>
		<Unit filename="modadapter.h">
			<Option target="Release" />
			<Option target="Debug" />
			<Option target="Plugins" />
		</Unit>
		<Unit filename="modules.cpp">
			<Option target="Release" />
			<Option target="staticlib_all" />
			<Option target="Debug" />
			<Option target="Plugins" />
		</Unit>
		<Unit filename="modules.h">
			<Option target="Release" />
			<Option target="staticlib_all" />
			<Option target="Debug" />
			<Option target="Plugins" />
		</Unit>
		<Unit filename="mysql.cpp">
			<Option target="Release" />
			<Option target="staticlib_all" />
			<Option target="Debug" />
			<Option target="Core" />
		</Unit>
		<Unit filename="mysql.h">
			<Option target="Release" />
			<Option target="staticlib_all" />
			<Option target="Debug" />
			<Option target="Core" />
		</Unit>
		<Unit filename="networking.cpp">
			<Option target="Release" />
			<Option target="staticlib_all" />
			<Option target="Debug" />
			<Option target="Network" />
		</Unit>
		<Unit filename="networking.h">
			<Option target="Release" />
			<Option target="staticlib_all" />
			<Option target="Debug" />
			<Option target="Network" />
		</Unit>
		<Unit filename="particlesystem.cpp">
			<Option target="Release" />
			<Option target="staticlib_all" />
			<Option target="Debug" />
			<Option target="Unit" />
		</Unit>
		<Unit filename="particlesystem.h">
			<Option target="Release" />
			<Option target="staticlib_all" />
			<Option target="Debug" />
			<Option target="Unit" />
		</Unit>
		<Unit filename="physics.cpp">
			<Option target="Release" />
			<Option target="staticlib_all" />
			<Option target="Debug" />
			<Option target="Core" />
		</Unit>
		<Unit filename="physics.h">
			<Option target="Release" />
			<Option target="Debug" />
			<Option target="Core" />
		</Unit>
		<Unit filename="plugin.cpp">
			<Option target="Release" />
			<Option target="Debug" />
			<Option target="Plugins" />
		</Unit>
		<Unit filename="plugin.h">
			<Option target="Release" />
			<Option target="Debug" />
			<Option target="Plugins" />
		</Unit>
		<Unit filename="progressbar.cpp">
			<Option target="Release" />
			<Option target="staticlib_all" />
			<Option target="Debug" />
			<Option target="Core" />
		</Unit>
		<Unit filename="progressbar.h">
			<Option target="Release" />
			<Option target="Debug" />
			<Option target="Core" />
		</Unit>
		<Unit filename="pywrap.cpp">
			<Option target="Release" />
			<Option target="staticlib_all" />
			<Option target="Debug" />
			<Option target="Core" />
		</Unit>
		<Unit filename="pywrap.h">
			<Option target="Release" />
			<Option target="Debug" />
			<Option target="Core" />
		</Unit>
		<Unit filename="rand_generators.cpp">
			<Option target="Threading" />
			<Option target="Core" />
		</Unit>
		<Unit filename="rand_generators.h">
			<Option target="Threading" />
			<Option target="Core" />
		</Unit>
		<Unit filename="scriptwrap.cpp">
			<Option target="Release" />
			<Option target="Debug" />
			<Option target="Core" />
		</Unit>
		<Unit filename="scriptwrap.h">
			<Option target="Release" />
			<Option target="Debug" />
			<Option target="Core" />
		</Unit>
		<Unit filename="sound_base.cpp">
			<Option target="Release" />
			<Option target="staticlib_all" />
			<Option target="Debug" />
			<Option target="Core" />
		</Unit>
		<Unit filename="sound_base.h">
			<Option target="Release" />
			<Option target="Debug" />
			<Option target="Core" />
		</Unit>
		<Unit filename="sqlite_error.cpp">
			<Option target="Release" />
			<Option target="staticlib_all" />
			<Option target="Debug" />
			<Option target="Core" />
		</Unit>
		<Unit filename="sqlite_error.h">
			<Option target="Release" />
			<Option target="staticlib_all" />
			<Option target="Debug" />
			<Option target="Core" />
		</Unit>
		<Unit filename="sqlite_row.cpp">
			<Option target="Release" />
			<Option target="staticlib_all" />
			<Option target="Debug" />
			<Option target="Core" />
		</Unit>
		<Unit filename="sqlite_row.h">
			<Option target="Release" />
			<Option target="staticlib_all" />
			<Option target="Debug" />
			<Option target="Core" />
		</Unit>
		<Unit filename="sqlitewrap.cpp">
			<Option target="Release" />
			<Option target="Debug" />
			<Option target="Core" />
		</Unit>
		<Unit filename="sqlitewrap.h">
			<Option target="Release" />
			<Option target="Debug" />
			<Option target="Core" />
		</Unit>
		<Unit filename="sqlkeywords.cpp">
			<Option target="Release" />
			<Option target="staticlib_all" />
			<Option target="Debug" />
			<Option target="Core" />
		</Unit>
		<Unit filename="sqlkeywords.h">
			<Option target="Release" />
			<Option target="staticlib_all" />
			<Option target="Debug" />
			<Option target="Core" />
		</Unit>
		<Unit filename="textbox.cpp">
			<Option target="Release" />
			<Option target="staticlib_all" />
			<Option target="Debug" />
			<Option target="Core" />
		</Unit>
		<Unit filename="textbox.h">
			<Option target="Release" />
			<Option target="Debug" />
			<Option target="Core" />
		</Unit>
		<Unit filename="threading.cpp">
			<Option target="Release" />
			<Option target="staticlib_all" />
			<Option target="Debug" />
			<Option target="Threading" />
		</Unit>
		<Unit filename="threading.h">
			<Option target="Release" />
			<Option target="staticlib_all" />
			<Option target="Debug" />
			<Option target="Threading" />
		</Unit>
		<Unit filename="timersystem.cpp">
			<Option target="Timer" />
		</Unit>
		<Unit filename="timersystem.h">
			<Option target="Timer" />
		</Unit>
		<Unit filename="trigger.cpp">
			<Option target="Release" />
			<Option target="staticlib_all" />
			<Option target="Debug" />
			<Option target="Core" />
		</Unit>
		<Unit filename="trigger.h">
			<Option target="Release" />
			<Option target="Debug" />
			<Option target="Core" />
		</Unit>
		<Unit filename="triggermanager.cpp">
			<Option target="Release" />
			<Option target="staticlib_all" />
			<Option target="Debug" />
			<Option target="Eureka" />
		</Unit>
		<Unit filename="triggermanager.h">
			<Option target="Release" />
			<Option target="staticlib_all" />
			<Option target="Debug" />
			<Option target="Eureka" />
		</Unit>
		<Unit filename="typedefs.h">
			<Option target="Release" />
			<Option target="Debug" />
			<Option target="IO" />
			<Option target="Threading" />
			<Option target="Network" />
			<Option target="LuaWrap" />
			<Option target="Unit" />
		</Unit>
		<Unit filename="ui.cpp">
			<Option target="Release" />
			<Option target="staticlib_all" />
			<Option target="Debug" />
			<Option target="Core" />
		</Unit>
		<Unit filename="ui.h">
			<Option target="Release" />
			<Option target="Debug" />
			<Option target="Core" />
		</Unit>
		<Unit filename="uimanager.cpp">
			<Option target="Release" />
			<Option target="staticlib_all" />
			<Option target="Debug" />
			<Option target="UI" />
		</Unit>
		<Unit filename="uimanager.h">
			<Option target="Release" />
			<Option target="staticlib_all" />
			<Option target="Debug" />
			<Option target="UI" />
		</Unit>
		<Unit filename="unit.cpp">
			<Option target="Release" />
			<Option target="staticlib_all" />
			<Option target="Debug" />
			<Option target="Core" />
		</Unit>
		<Unit filename="unit.h">
			<Option target="Release" />
			<Option target="Debug" />
			<Option target="Core" />
		</Unit>
		<Unit filename="unitmanager.cpp">
			<Option target="Release" />
			<Option target="staticlib_all" />
			<Option target="Debug" />
			<Option target="Unit" />
		</Unit>
		<Unit filename="unitmanager.h">
			<Option target="Release" />
			<Option target="staticlib_all" />
			<Option target="Debug" />
			<Option target="Unit" />
		</Unit>
		<Unit filename="utf8.h">
			<Option target="Release" />
			<Option target="staticlib_all" />
			<Option target="Debug" />
			<Option target="Core" />
		</Unit>
		<Unit filename="utf8/checked.h">
			<Option target="Release" />
			<Option target="staticlib_all" />
			<Option target="Debug" />
			<Option target="Core" />
		</Unit>
		<Unit filename="utf8/core.h">
			<Option target="Release" />
			<Option target="staticlib_all" />
			<Option target="Debug" />
			<Option target="Core" />
		</Unit>
		<Unit filename="utf8/unchecked.h">
			<Option target="Release" />
			<Option target="staticlib_all" />
			<Option target="Debug" />
			<Option target="Core" />
		</Unit>
		<Extensions>
			<code_completion />
			<debugger />
			<envvars />
			<DoxyBlocks>
				<comment_style block="0" line="0" />
				<doxyfile_project />
				<doxyfile_build />
				<doxyfile_warnings />
				<doxyfile_output />
				<doxyfile_dot />
				<general />
			</DoxyBlocks>
		</Extensions>
	</Project>
</CodeBlocks_project_file>
